{
  "sftpgo": {
    "version": "2.7.5",
    "platforms": {
      "windows-amd64": {
        "url": "https://github.com/drakkan/sftpgo/releases/download/v2.7.5/sftpgo_v2.7.5_windows_portable.zip",
        "sha256": "75d803598d2c714e3262847ee87a1ea48e4dcddbbd5690b0ef88adea84478838",
        "filename": "sftpgo_v2.7.5_windows_portable.zip"
      }
    }
  },
  "wiremock": {
    "version": "3.13.2",
    "url": "https://repo1.maven.org/maven2/org/wiremock/wiremock-standalone/3.13.2/wiremock-standalone-3.13.2.jar",
    "sha256": "d097b19bd483c5038479b13a5c71e9faf8f2f5106584f0c120a7770ab0bdb367",
    "filename": "wiremock-standalone-3.13.2.jar"
  },
  "toxiproxy": {
    "version": "2.12.0",
    "platforms": {
      "darwin-arm64": {
        "url": "https://github.com/Shopify/toxiproxy/releases/download/v2.12.0/toxiproxy-server-darwin-arm64",
        "sha256": "aa299966b52f16a8594f1cd0d1e9049dc2e8fe2c04a90c19860e2719b2b95d15",
        "filename": "toxiproxy-server"
      },
      "windows-amd64": {
        "url": "https://github.com/Shopify/toxiproxy/releases/download/v2.12.0/toxiproxy-server-windows-amd64.exe",
        "sha256": "e32f4cb58e62e844d4b5d47613525a5bdeea15c39fa22c9f413c756275ac0ba8",
        "filename": "toxiproxy-server.exe"
      }
    }
  },
  "caddy": {
    "version": "2.11.4",
    "platforms": {
      "darwin-arm64": {
        "url": "https://github.com/caddyserver/caddy/releases/download/v2.11.4/caddy_2.11.4_mac_arm64.tar.gz",
        "sha256": "9efb0af2d6cf09cfb5053c0e51721b9b3d4956d346234f39368d943d25a3c9a7",
        "filename": "caddy_2.11.4_mac_arm64.tar.gz"
      },
      "windows-amd64": {
        "url": "https://github.com/caddyserver/caddy/releases/download/v2.11.4/caddy_2.11.4_windows_amd64.zip",
        "sha256": "1708333f79e274c7697285afe6d592ab39314e0b131e9ec6bea08ad27df62ebf",
        "filename": "caddy_2.11.4_windows_amd64.zip"
      }
    }
  }
}
